
Microsoft Visual Studio Solution File, Format Version 12.00
# Visual Studio Version 17
VisualStudioVersion = 17.3.32929.385
MinimumVisualStudioVersion = 10.0.40219.1
Project("{FAE04EC0-301F-11D3-BF4B-00C04F79EFBC}") = "QueueSender", "QueueSender\QueueSender.csproj", "{F8968BDF-0195-41CE-A773-32CA922CAD87}"
EndProject
Project("{FAE04EC0-301F-11D3-BF4B-00C04F79EFBC}") = "QueueReceiver", "QueueReceiver\QueueReceiver.csproj", "{3F28B269-E849-4B5F-9062-6B3299D9438A}"
EndProject
Global
	GlobalSection(SolutionConfigurationPlatforms) = preSolution
		Debug|Any CPU = Debug|Any CPU
		Release|Any CPU = Release|Any CPU
	EndGlobalSection
	GlobalSection(ProjectConfigurationPlatforms) = postSolution
		{F8968BDF-0195-41CE-A773-32CA922CAD87}.Debug|Any CPU.ActiveCfg = Debug|Any CPU
		{F8968BDF-0195-41CE-A773-32CA922CAD87}.Debug|Any CPU.Build.0 = Debug|Any CPU
		{F8968BDF-0195-41CE-A773-32CA922CAD87}.Release|Any CPU.ActiveCfg = Release|Any CPU
		{F8968BDF-0195-41CE-A773-32CA922CAD87}.Release|Any CPU.Build.0 = Release|Any CPU
		{3F28B269-E849-4B5F-9062-6B3299D9438A}.Debug|Any CPU.ActiveCfg = Debug|Any CPU
		{3F28B269-E849-4B5F-9062-6B3299D9438A}.Debug|Any CPU.Build.0 = Debug|Any CPU
		{3F28B269-E849-4B5F-9062-6B3299D9438A}.Release|Any CPU.ActiveCfg = Release|Any CPU
		{3F28B269-E849-4B5F-9062-6B3299D9438A}.Release|Any CPU.Build.0 = Release|Any CPU
	EndGlobalSection
	GlobalSection(SolutionProperties) = preSolution
		HideSolutionNode = FALSE
	EndGlobalSection
	GlobalSection(ExtensibilityGlobals) = postSolution
		SolutionGuid = {9993AD9D-345E-4F85-9862-2B64EB3BA3D8}
	EndGlobalSection
EndGlobal
